// !$*UTF8*$!
{
	archiveVersion = 1;
	classes = {
	};
	objectVersion = 46;
	objects = {

/* Begin PBXBuildFile section */
		86820E161DAF1C0200112D13 /* AppDelegate.swift in Sources */ = {isa = PBXBuildFile; fileRef = 86820E151DAF1C0200112D13 /* AppDelegate.swift */; };
		86820E181DAF1C0200112D13 /* MainController.swift in Sources */ = {isa = PBXBuildFile; fileRef = 86820E171DAF1C0200112D13 /* MainController.swift */; };
		86820E1A1DAF1C0200112D13 /* SettingsController.swift in Sources */ = {isa = PBXBuildFile; fileRef = 86820E191DAF1C0200112D13 /* SettingsController.swift */; };
		86820E1D1DAF1C0200112D13 /* Main.storyboard in Resources */ = {isa = PBXBuildFile; fileRef = 86820E1B1DAF1C0200112D13 /* Main.storyboard */; };
		86820E1F1DAF1C0200112D13 /* Assets.xcassets in Resources */ = {isa = PBXBuildFile; fileRef = 86820E1E1DAF1C0200112D13 /* Assets.xcassets */; };
		86820E221DAF1C0200112D13 /* LaunchScreen.storyboard in Resources */ = {isa = PBXBuildFile; fileRef = 86820E201DAF1C0200112D13 /* LaunchScreen.storyboard */; };
		86820E2A1DAF1E1100112D13 /* ColorSelectionVC.swift in Sources */ = {isa = PBXBuildFile; fileRef = 86820E291DAF1E1100112D13 /* ColorSelectionVC.swift */; };
		86820E2C1DAF1E6800112D13 /* ColorCatalog.swift in Sources */ = {isa = PBXBuildFile; fileRef = 86820E2B1DAF1E6800112D13 /* ColorCatalog.swift */; };
/* End PBXBuildFile section */

/* Begin PBXFileReference section */
		86820E121DAF1C0200112D13 /* Color Theme.app */ = {isa = PBXFileReference; explicitFileType = wrapper.application; includeInIndex = 0; path = "Color Theme.app"; sourceTree = BUILT_PRODUCTS_DIR; };
		86820E151DAF1C0200112D13 /* AppDelegate.swift */ = {isa = PBXFileReference; lastKnownFileType = sourcecode.swift; path = AppDelegate.swift; sourceTree = "<group>"; };
		86820E171DAF1C0200112D13 /* MainController.swift */ = {isa = PBXFileReference; lastKnownFileType = sourcecode.swift; path = MainController.swift; sourceTree = "<group>"; };
		86820E191DAF1C0200112D13 /* SettingsController.swift */ = {isa = PBXFileReference; lastKnownFileType = sourcecode.swift; path = SettingsController.swift; sourceTree = "<group>"; };
		86820E1C1DAF1C0200112D13 /* Base */ = {isa = PBXFileReference; lastKnownFileType = file.storyboard; name = Base; path = Base.lproj/Main.storyboard; sourceTree = "<group>"; };
		86820E1E1DAF1C0200112D13 /* Assets.xcassets */ = {isa = PBXFileReference; lastKnownFileType = folder.assetcatalog; path = Assets.xcassets; sourceTree = "<group>"; };
		86820E211DAF1C0200112D13 /* Base */ = {isa = PBXFileReference; lastKnownFileType = file.storyboard; name = Base; path = Base.lproj/LaunchScreen.storyboard; sourceTree = "<group>"; };
		86820E231DAF1C0200112D13 /* Info.plist */ = {isa = PBXFileReference; lastKnownFileType = text.plist.xml; path = Info.plist; sourceTree = "<group>"; };
		86820E291DAF1E1100112D13 /* ColorSelectionVC.swift */ = {isa = PBXFileReference; fileEncoding = 4; lastKnownFileType = sourcecode.swift; path = ColorSelectionVC.swift; sourceTree = "<group>"; };
		86820E2B1DAF1E6800112D13 /* ColorCatalog.swift */ = {isa = PBXFileReference; fileEncoding = 4; lastKnownFileType = sourcecode.swift; path = ColorCatalog.swift; sourceTree = "<group>"; };
/* End PBXFileReference section */

/* Begin PBXFrameworksBuildPhase section */
		86820E0F1DAF1C0200112D13 /* Frameworks */ = {
			isa = PBXFrameworksBuildPhase;
			buildActionMask = 2147483647;
			files = (
			);
			runOnlyForDeploymentPostprocessing = 0;
		};
/* End PBXFrameworksBuildPhase section */

/* Begin PBXGroup section */
		86820E091DAF1C0200112D13 = {
			isa = PBXGroup;
			children = (
				86820E141DAF1C0200112D13 /* Color Theme */,
				86820E131DAF1C0200112D13 /* Products */,
			);
			sourceTree = "<group>";
		};
		86820E131DAF1C0200112D13 /* Products */ = {
			isa = PBXGroup;
			children = (
				86820E121DAF1C0200112D13 /* Color Theme.app */,
			);
			name = Products;
			sourceTree = "<group>";
		};
		86820E141DAF1C0200112D13 /* Color Theme */ = {
			isa = PBXGroup;
			children = (
				86820E151DAF1C0200112D13 /* AppDelegate.swift */,
				86820E171DAF1C0200112D13 /* MainController.swift */,
				86820E191DAF1C0200112D13 /* SettingsController.swift */,
				86820E1B1DAF1C0200112D13 /* Main.storyboard */,
				86820E2B1DAF1E6800112D13 /* ColorCatalog.swift */,
				86820E291DAF1E1100112D13 /* ColorSelectionVC.swift */,
				86820E1E1DAF1C0200112D13 /* Assets.xcassets */,
				86820E201DAF1C0200112D13 /* LaunchScreen.storyboard */,
				86820E231DAF1C0200112D13 /* Info.plist */,
			);
			path = "Color Theme";
			sourceTree = "<group>";
		};
/* End PBXGroup section */

/* Begin PBXNativeTarget section */
		86820E111DAF1C0200112D13 /* Color Theme */ = {
			isa = PBXNativeTarget;
			buildConfigurationList = 86820E261DAF1C0200112D13 /* Build configuration list for PBXNativeTarget "Color Theme" */;
			buildPhases = (
				86820E0E1DAF1C0200112D13 /* Sources */,
				86820E0F1DAF1C0200112D13 /* Frameworks */,
				86820E101DAF1C0200112D13 /* Resources */,
			);
			buildRules = (
			);
			dependencies = (
			);
			name = "Color Theme";
			productName = "Color Theme";
			productReference = 86820E121DAF1C0200112D13 /* Color Theme.app */;
			productType = "com.apple.product-type.application";
		};
/* End PBXNativeTarget section */

/* Begin PBXProject section */
		86820E0A1DAF1C0200112D13 /* Project object */ = {
			isa = PBXProject;
			attributes = {
				LastSwiftUpdateCheck = 0800;
				LastUpgradeCheck = 0800;
				ORGANIZATIONNAME = "TFWorld Software";
				TargetAttributes = {
					86820E111DAF1C0200112D13 = {
						CreatedOnToolsVersion = 8.0;
						DevelopmentTeam = VYXVM9VZ7C;
						ProvisioningStyle = Automatic;
					};
				};
			};
			buildConfigurationList = 86820E0D1DAF1C0200112D13 /* Build configuration list for PBXProject "Color Theme" */;
			compatibilityVersion = "Xcode 3.2";
			developmentRegion = English;
			hasScannedForEncodings = 0;
			knownRegions = (
				en,
				Base,
			);
			mainGroup = 86820E091DAF1C0200112D13;
			productRefGroup = 86820E131DAF1C0200112D13 /* Products */;
			projectDirPath = "";
			projectRoot = "";
			targets = (
				86820E111DAF1C0200112D13 /* Color Theme */,
			);
		};
/* End PBXProject section */

/* Begin PBXResourcesBuildPhase section */
		86820E101DAF1C0200112D13 /* Resources */ = {
			isa = PBXResourcesBuildPhase;
			buildActionMask = 2147483647;
			files = (
				86820E221DAF1C0200112D13 /* LaunchScreen.storyboard in Resources */,
				86820E1F1DAF1C0200112D13 /* Assets.xcassets in Resources */,
				86820E1D1DAF1C0200112D13 /* Main.storyboard in Resources */,
			);
			runOnlyForDeploymentPostprocessing = 0;
		};
/* End PBXResourcesBuildPhase section */

/* Begin PBXSourcesBuildPhase section */
		86820E0E1DAF1C0200112D13 /* Sources */ = {
			isa = PBXSourcesBuildPhase;
			buildActionMask = 2147483647;
			files = (
				86820E1A1DAF1C0200112D13 /* SettingsController.swift in Sources */,
				86820E161DAF1C0200112D13 /* AppDelegate.swift in Sources */,
				86820E181DAF1C0200112D13 /* MainController.swift in Sources */,
				86820E2A1DAF1E1100112D13 /* ColorSelectionVC.swift in Sources */,
				86820E2C1DAF1E6800112D13 /* ColorCatalog.swift in Sources */,
			);
			runOnlyForDeploymentPostprocessing = 0;
		};
/* End PBXSourcesBuildPhase section */

/* Begin PBXVariantGroup section */
		86820E1B1DAF1C0200112D13 /* Main.storyboard */ = {
			isa = PBXVariantGroup;
			children = (
				86820E1C1DAF1C0200112D13 /* Base */,
			);
			name = Main.storyboard;
			sourceTree = "<group>";
		};
		86820E201DAF1C0200112D13 /* LaunchScreen.storyboard */ = {
			isa = PBXVariantGroup;
			children = (
				86820E211DAF1C0200112D13 /* Base */,
			);
			name = LaunchScreen.storyboard;
			sourceTree = "<group>";
		};
/* End PBXVariantGroup section */

/* Begin XCBuildConfiguration section */
		86820E241DAF1C0200112D13 /* Debug */ = {
			isa = XCBuildConfiguration;
			buildSettings = {
				ALWAYS_SEARCH_USER_PATHS = NO;
				CLANG_ANALYZER_NONNULL = YES;
				CLANG_CXX_LANGUAGE_STANDARD = "gnu++0x";
				CLANG_CXX_LIBRARY = "libc++";
				CLANG_ENABLE_MODULES = YES;
				CLANG_ENABLE_OBJC_ARC = YES;
				CLANG_WARN_BOOL_CONVERSION = YES;
				CLANG_WARN_CONSTANT_CONVERSION = YES;
				CLANG_WARN_DIRECT_OBJC_ISA_USAGE = YES_ERROR;
				CLANG_WARN_DOCUMENTATION_COMMENTS = YES;
				CLANG_WARN_EMPTY_BODY = YES;
				CLANG_WARN_ENUM_CONVERSION = YES;
				CLANG_WARN_INFINITE_RECURSION = YES;
				CLANG_WARN_INT_CONVERSION = YES;
				CLANG_WARN_OBJC_ROOT_CLASS = YES_ERROR;
				CLANG_WARN_SUSPICIOUS_MOVES = YES;
				CLANG_WARN_UNREACHABLE_CODE = YES;
				CLANG_WARN__DUPLICATE_METHOD_MATCH = YES;
				"CODE_SIGN_IDENTITY[sdk=iphoneos*]" = "iPhone Developer";
				COPY_PHASE_STRIP = NO;
				DEBUG_INFORMATION_FORMAT = dwarf;
				ENABLE_STRICT_OBJC_MSGSEND = YES;
				ENABLE_TESTABILITY = YES;
				GCC_C_LANGUAGE_STANDARD = gnu99;
				GCC_DYNAMIC_NO_PIC = NO;
				GCC_NO_COMMON_BLOCKS = YES;
				GCC_OPTIMIZATION_LEVEL = 0;
				GCC_PREPROCESSOR_DEFINITIONS = (
					"DEBUG=1",
					"$(inherited)",
				);
				GCC_WARN_64_TO_32_BIT_CONVERSION = YES;
				GCC_WARN_ABOUT_RETURN_TYPE = YES_ERROR;
				GCC_WARN_UNDECLARED_SELECTOR = YES;
				GCC_WARN_UNINITIALIZED_AUTOS = YES_AGGRESSIVE;
				GCC_WARN_UNUSED_FUNCTION = YES;
				GCC_WARN_UNUSED_VARIABLE = YES;
				IPHONEOS_DEPLOYMENT_TARGET = 10.0;
				MTL_ENABLE_DEBUG_INFO = YES;
				ONLY_ACTIVE_ARCH = YES;
				SDKROOT = iphoneos;
				SWIFT_ACTIVE_COMPILATION_CONDITIONS = DEBUG;
				SWIFT_OPTIMIZATION_LEVEL = "-Onone";
				TARGETED_DEVICE_FAMILY = "1,2";
			};
			name = Debug;
		};
		86820E251DAF1C0200112D13 /* Release */ = {
			isa = XCBuildConfiguration;
			buildSettings = {
				ALWAYS_SEARCH_USER_PATHS = NO;
				CLANG_ANALYZER_NONNULL = YES;
				CLANG_CXX_LANGUAGE_STANDARD = "gnu++0x";
				CLANG_CXX_LIBRARY = "libc++";
				CLANG_ENABLE_MODULES = YES;
				CLANG_ENABLE_OBJC_ARC = YES;
				CLANG_WARN_BOOL_CONVERSION = YES;
				CLANG_WARN_CONSTANT_CONVERSION = YES;
				CLANG_WARN_DIRECT_OBJC_ISA_USAGE = YES_ERROR;
				CLANG_WARN_DOCUMENTATION_COMMENTS = YES;
				CLANG_WARN_EMPTY_BODY = YES;
				CLANG_WARN_ENUM_CONVERSION = YES;
				CLANG_WARN_INFINITE_RECURSION = YES;
				CLANG_WARN_INT_CONVERSION = YES;
				CLANG_WARN_OBJC_ROOT_CLASS = YES_ERROR;
				CLANG_WARN_SUSPICIOUS_MOVES = YES;
				CLANG_WARN_UNREACHABLE_CODE = YES;
				CLANG_WARN__DUPLICATE_METHOD_MATCH = YES;
				"CODE_SIGN_IDENTITY[sdk=iphoneos*]" = "iPhone Developer";
				COPY_PHASE_STRIP = NO;
				DEBUG_INFORMATION_FORMAT = "dwarf-with-dsym";
				ENABLE_NS_ASSERTIONS = NO;
				ENABLE_STRICT_OBJC_MSGSEND = YES;
				GCC_C_LANGUAGE_STANDARD = gnu99;
				GCC_NO_COMMON_BLOCKS = YES;
				GCC_WARN_64_TO_32_BIT_CONVERSION = YES;
				GCC_WARN_ABOUT_RETURN_TYPE = YES_ERROR;
				GCC_WARN_UNDECLARED_SELECTOR = YES;
				GCC_WARN_UNINITIALIZED_AUTOS = YES_AGGRESSIVE;
				GCC_WARN_UNUSED_FUNCTION = YES;
				GCC_WARN_UNUSED_VARIABLE = YES;
				IPHONEOS_DEPLOYMENT_TARGET = 10.0;
				MTL_ENABLE_DEBUG_INFO = NO;
				SDKROOT = iphoneos;
				SWIFT_OPTIMIZATION_LEVEL = "-Owholemodule";
				TARGETED_DEVICE_FAMILY = "1,2";
				VALIDATE_PRODUCT = YES;
			};
			name = Release;
		};
		86820E271DAF1C0200112D13 /* Debug */ = {
			isa = XCBuildConfiguration;
			buildSettings = {
				ASSETCATALOG_COMPILER_APPICON_NAME = AppIcon;
				CURRENT_PROJECT_VERSION = 1;
				DEVELOPMENT_TEAM = VYXVM9VZ7C;
				INFOPLIST_FILE = "Color Theme/Info.plist";
				LD_RUNPATH_SEARCH_PATHS = "$(inherited) @executable_path/Frameworks";
				PRODUCT_BUNDLE_IDENTIFIER = "com.lewisjohnson.Color-Theme";
				PRODUCT_NAME = "$(TARGET_NAME)";
				SWIFT_VERSION = 3.0;
				VERSIONING_SYSTEM = "apple-generic";
			};
			name = Debug;
		};
		86820E281DAF1C0200112D13 /* Release */ = {
			isa = XCBuildConfiguration;
			buildSettings = {
				ASSETCATALOG_COMPILER_APPICON_NAME = AppIcon;
				CURRENT_PROJECT_VERSION = 1;
				DEVELOPMENT_TEAM = VYXVM9VZ7C;
				INFOPLIST_FILE = "Color Theme/Info.plist";
				LD_RUNPATH_SEARCH_PATHS = "$(inherited) @executable_path/Frameworks";
				PRODUCT_BUNDLE_IDENTIFIER = "com.lewisjohnson.Color-Theme";
				PRODUCT_NAME = "$(TARGET_NAME)";
				SWIFT_VERSION = 3.0;
				VERSIONING_SYSTEM = "apple-generic";
			};
			name = Release;
		};
/* End XCBuildConfiguration section */

/* Begin XCConfigurationList section */
		86820E0D1DAF1C0200112D13 /* Build configuration list for PBXProject "Color Theme" */ = {
			isa = XCConfigurationList;
			buildConfigurations = (
				86820E241DAF1C0200112D13 /* Debug */,
				86820E251DAF1C0200112D13 /* Release */,
			);
			defaultConfigurationIsVisible = 0;
			defaultConfigurationName = Release;
		};
		86820E261DAF1C0200112D13 /* Build configuration list for PBXNativeTarget "Color Theme" */ = {
			isa = XCConfigurationList;
			buildConfigurations = (
				86820E271DAF1C0200112D13 /* Debug */,
				86820E281DAF1C0200112D13 /* Release */,
			);
			defaultConfigurationIsVisible = 0;
		};
/* End XCConfigurationList section */
	};
	rootObject = 86820E0A1DAF1C0200112D13 /* Project object */;
}
